
Microsoft Visual Studio Solution File, Format Version 12.00
# Visual Studio 15
VisualStudioVersion = 15.0.28307.421
MinimumVisualStudioVersion = 10.0.40219.1
Project("{9A19103F-16F7-4668-BE54-9A1E7A4F7556}") = "classes", "classes.csproj", "{DA53ECF9-C796-4585-A921-037C019B589E}"
EndProject
Global
	GlobalSection(SolutionConfigurationPlatforms) = preSolution
		Debug|Any CPU = Debug|Any CPU
		Release|Any CPU = Release|Any CPU
	EndGlobalSection
	GlobalSection(ProjectConfigurationPlatforms) = postSolution
		{DA53ECF9-C796-4585-A921-037C019B589E}.Debug|Any CPU.ActiveCfg = Debug|Any CPU
		{DA53ECF9-C796-4585-A921-037C019B589E}.Debug|Any CPU.Build.0 = Debug|Any CPU
		{DA53ECF9-C796-4585-A921-037C019B589E}.Release|Any CPU.ActiveCfg = Release|Any CPU
		{DA53ECF9-C796-4585-A921-037C019B589E}.Release|Any CPU.Build.0 = Release|Any CPU
	EndGlobalSection
	GlobalSection(SolutionProperties) = preSolution
		HideSolutionNode = FALSE
	EndGlobalSection
	GlobalSection(ExtensibilityGlobals) = postSolution
		SolutionGuid = {DDF95FA3-9B6E-4C93-8BEE-BB5B40A3902F}
	EndGlobalSection
EndGlobal
